{
  "meteor": {},
  "dependencies": {
    "basePackages": {
      "npm": {},
      "i18next-meteor": {},
      "cookies": {},
      "collectionFS": {},
      "cfs-filesystem-readonly": {
        "git": "https://github.com/valenting/Meteor-cfs-filesystem-readonly.git",
        "tag": "v0.0.29"
      },
      "cfs-ui": {},
      "reactive-ace": {},
      "fast-render": {}
    },
    "packages": {
      "npm": {
        "git": "https://github.com/arunoda/meteor-npm.git",
        "tag": "v0.2.6",
        "commit": "177ab6118de5bf8cffb19481343d5762ff7a2aaf"
      },
      "i18next-meteor": {
        "git": "https://github.com/ckir/i18next-meteor.git",
        "tag": "v1.6.0",
        "commit": "6d922cc0adea92904e51a2a153d26dd66fb2789d"
      },
      "cookies": {
        "git": "https://github.com/subhog/meteor-cookies.git",
        "tag": "v0.3.0",
        "commit": "c3d2684cd97dd611652833169b5f628ad23c57f6"
      },
      "collectionFS": {
        "git": "https://github.com/CollectionFS/Meteor-CollectionFS.git",
        "tag": "v0.4.8",
        "commit": "fea890b1e27799ccc9f71046748fb23a84330a16"
      },
      "cfs-filesystem-readonly": {
        "git": "https://github.com/valenting/Meteor-cfs-filesystem-readonly.git",
        "tag": "v0.0.29",
        "commit": "6977091b305baefcf3ebc280112069f0ba756207"
      },
      "cfs-ui": {
        "git": "https://github.com/CollectionFS/Meteor-cfs-ui.git",
        "tag": "v0.1.0",
        "commit": "41feb979e88cb2cf4c6f2934ba58ae0bb4e3dddb"
      },
      "reactive-ace": {
        "git": "https://github.com/mad-eye/meteor-reactive-ace.git",
        "tag": "v0.1.2",
        "commit": "6116d1984d816dc2efbfe9650c467d1a04b95445"
      },
      "fast-render": {
        "git": "https://github.com/arunoda/meteor-fast-render.git",
        "tag": "v0.2.8",
        "commit": "149984b1aff3a5642a270aff9bd9006872c8302e"
      },
      "cfs-base-package": {
        "git": "https://github.com/CollectionFS/Meteor-cfs-base-package.git",
        "tag": "v0.0.24",
        "commit": "edc2f16b48cc1ebcf6ea4d278cbd0c41bb4e67bc"
      },
      "cfs-file": {
        "git": "https://github.com/CollectionFS/Meteor-cfs-file.git",
        "tag": "v0.1.9",
        "commit": "2f22329ee524adad18b8a27ed574ac26478b3ebe"
      },
      "cfs-collection": {
        "git": "https://github.com/CollectionFS/Meteor-cfs-collection.git",
        "tag": "v0.4.10",
        "commit": "62029f88f1cb4969e8338aa1cfaf34a8f167fa0e"
      },
      "cfs-collection-filters": {
        "git": "https://github.com/CollectionFS/Meteor-cfs-collection-filters.git",
        "tag": "v0.1.1",
        "commit": "447134421887fcf20bd78c88d8c0913256f76db1"
      },
      "cfs-access-point": {
        "git": "https://github.com/CollectionFS/Meteor-cfs-access-point.git",
        "tag": "v0.0.32",
        "commit": "e8f51b804db5163cecda616d07b1286d239e8955"
      },
      "cfs-worker": {
        "git": "https://github.com/CollectionFS/Meteor-cfs-worker.git",
        "tag": "v0.0.16",
        "commit": "172abbf679a9c9ce65d5cac7b51f23967aff94f7"
      },
      "cfs-upload-http": {
        "git": "https://github.com/CollectionFS/Meteor-cfs-upload-http.git",
        "tag": "v0.0.12",
        "commit": "774bf581e0f3da269dc842672ed6c2da09fd2bdf"
      },
      "cfs-storage-adapter": {
        "git": "https://github.com/CollectionFS/Meteor-cfs-storage-adapter.git",
        "tag": "v0.0.29",
        "commit": "2bcc5c730f7f4d2536af5bd8b0187a60feb1e0e8"
      },
      "cfs-filesaver": {
        "git": "https://github.com/CollectionFS/Meteor-cfs-filesaver.git",
        "tag": "v0.0.3",
        "commit": "29cd7ae4dab138aa5e3792485945e742c46fc330"
      },
      "http-methods": {
        "git": "https://github.com/CollectionFS/Meteor-http-methods.git",
        "tag": "v0.0.22",
        "commit": "5b0f7723f49436b8a0a930f284ed05f0b26021fe"
      },
      "numeral": {
        "git": "https://github.com/vsivsi/meteor-numeral.git",
        "tag": "v1.5.3",
        "commit": "bdc97fc69bee7dadae1fc0f97fa6d9d76a03e73d"
      },
      "data-man": {
        "git": "https://github.com/CollectionFS/Meteor-data-man.git",
        "branch": "master",
        "commit": "ec2034e133c3e27d770ecc4ad848089c66d2266c"
      },
      "cfs-upload-ddp": {
        "git": "https://github.com/CollectionFS/Meteor-cfs-upload-ddp.git",
        "tag": "v0.0.10",
        "commit": "17caf4f38462017c9545d2187020a7f4596e8c4f"
      },
      "cfs-tempstore": {
        "git": "https://github.com/CollectionFS/Meteor-cfs-tempstore.git",
        "tag": "v0.0.27",
        "commit": "d8fe0422b2767391738ab537bf6749395e4030a0"
      },
      "emitter": {
        "git": "https://github.com/Meteor-Reaction/meteor-emitter.git",
        "tag": "v0.1.0",
        "commit": "849a91bbe4e1e0636f49fa2e5141e74ed5137a27"
      },
      "http-publish": {
        "git": "https://github.com/CollectionFS/Meteor-http-publish.git",
        "tag": "v0.0.10",
        "commit": "f308999d074a3c4c056a88c431be04cead93228b"
      },
      "cfs-gridfs": {
        "git": "https://github.com/CollectionFS/Meteor-cfs-gridfs.git",
        "tag": "v0.0.24",
        "commit": "46be5cbc2339783f59f0b2e38caa0c7bba88eba1"
      },
      "power-queue": {
        "git": "https://github.com/CollectionFS/Meteor-power-queue.git",
        "tag": "v0.9.9",
        "commit": "567d3905784a8be6aacfbb69d477003ba9b5c4b5"
      },
      "reactive-list": {
        "git": "https://github.com/CollectionFS/Meteor-reactive-list.git",
        "tag": "v0.0.7",
        "commit": "5855e3795947145b20a331250113ce927060445b"
      },
      "cfs-graphicsmagick": {
        "git": "https://github.com/CollectionFS/Meteor-cfs-graphicsmagick.git",
        "tag": "v0.0.14",
        "commit": "a9178346f25b0556f1470c7b8e97925ab5f534a9"
      },
      "cfs-ejson-file": {
        "git": "https://github.com/CollectionFS/Meteor-cfs-ejson-file.git",
        "tag": "v0.0.7",
        "commit": "aa80b46e73f3c9dcfec75106d1078b56be475bd7"
      },
      "cfs-filesystem": {
        "git": "https://github.com/CollectionFS/Meteor-cfs-filesystem.git",
        "tag": "v0.0.27",
        "commit": "703be2e5f890c84366df39a90a209b7b2c95c967"
      },
      "reactive-property": {
        "git": "https://github.com/CollectionFS/Meteor-reactive-property.git",
        "tag": "v0.0.1",
        "commit": "f742b8656bb88fafff2a9c3a32ff1f97b3ebf2f7"
      },
      "micro-queue": {
        "git": "https://github.com/CollectionFS/Meteor-micro-queue.git",
        "tag": "v0.0.3",
        "commit": "70266ce2c273a12c5af17b5c056253936caabb01"
      }
    }
  }
}
